
Microsoft Visual Studio Solution File, Format Version 12.00
# Visual Studio Version 16
VisualStudioVersion = 16.0.29411.108
MinimumVisualStudioVersion = 10.0.40219.1
Project("{FAE04EC0-301F-11D3-BF4B-00C04F79EFBC}") = "QuotableService", "QuotableService\QuotableService.csproj", "{3C2749E9-AD6F-4685-BB6D-65EBDC2F6793}"
EndProject
Project("{FAE04EC0-301F-11D3-BF4B-00C04F79EFBC}") = "QuotesDataAccess", "QuotesDataAccess\QuotesDataAccess.csproj", "{5CC53782-1D9F-4B5E-B1B0-CA0273B93C67}"
EndProject
Global
	GlobalSection(SolutionConfigurationPlatforms) = preSolution
		Debug|Any CPU = Debug|Any CPU
		Release|Any CPU = Release|Any CPU
	EndGlobalSection
	GlobalSection(ProjectConfigurationPlatforms) = postSolution
		{3C2749E9-AD6F-4685-BB6D-65EBDC2F6793}.Debug|Any CPU.ActiveCfg = Debug|Any CPU
		{3C2749E9-AD6F-4685-BB6D-65EBDC2F6793}.Debug|Any CPU.Build.0 = Debug|Any CPU
		{3C2749E9-AD6F-4685-BB6D-65EBDC2F6793}.Release|Any CPU.ActiveCfg = Release|Any CPU
		{3C2749E9-AD6F-4685-BB6D-65EBDC2F6793}.Release|Any CPU.Build.0 = Release|Any CPU
		{5CC53782-1D9F-4B5E-B1B0-CA0273B93C67}.Debug|Any CPU.ActiveCfg = Debug|Any CPU
		{5CC53782-1D9F-4B5E-B1B0-CA0273B93C67}.Debug|Any CPU.Build.0 = Debug|Any CPU
		{5CC53782-1D9F-4B5E-B1B0-CA0273B93C67}.Release|Any CPU.ActiveCfg = Release|Any CPU
		{5CC53782-1D9F-4B5E-B1B0-CA0273B93C67}.Release|Any CPU.Build.0 = Release|Any CPU
	EndGlobalSection
	GlobalSection(SolutionProperties) = preSolution
		HideSolutionNode = FALSE
	EndGlobalSection
	GlobalSection(ExtensibilityGlobals) = postSolution
		SolutionGuid = {D8691E0E-DE17-443B-8B2D-83C0A5907C7C}
	EndGlobalSection
EndGlobal
